// !$*UTF8*$!
{
	archiveVersion = 1;
	classes = {
	};
	objectVersion = 50;
	objects = {

/* Begin PBXBuildFile section */
		AF68804A2626D58E0014F9B0 /* RequestManager.swift in Sources */ = {isa = PBXBuildFile; fileRef = AF6880472626D58E0014F9B0 /* RequestManager.swift */; };
		AF68804B2626D58E0014F9B0 /* NetworkManager.swift in Sources */ = {isa = PBXBuildFile; fileRef = AF6880482626D58E0014F9B0 /* NetworkManager.swift */; };
		AF68804C2626D58E0014F9B0 /* URLManager.swift in Sources */ = {isa = PBXBuildFile; fileRef = AF6880492626D58E0014F9B0 /* URLManager.swift */; };
		AFC1564C2626CC9B00C66B0A /* AppDelegate.swift in Sources */ = {isa = PBXBuildFile; fileRef = AFC1564B2626CC9B00C66B0A /* AppDelegate.swift */; };
		AFC1564E2626CC9B00C66B0A /* SceneDelegate.swift in Sources */ = {isa = PBXBuildFile; fileRef = AFC1564D2626CC9B00C66B0A /* SceneDelegate.swift */; };
		AFC156502626CC9B00C66B0A /* ViewController.swift in Sources */ = {isa = PBXBuildFile; fileRef = AFC1564F2626CC9B00C66B0A /* ViewController.swift */; };
		AFC156532626CC9B00C66B0A /* Main.storyboard in Resources */ = {isa = PBXBuildFile; fileRef = AFC156512626CC9B00C66B0A /* Main.storyboard */; };
		AFC156552626CC9C00C66B0A /* Assets.xcassets in Resources */ = {isa = PBXBuildFile; fileRef = AFC156542626CC9C00C66B0A /* Assets.xcassets */; };
		AFC156582626CC9C00C66B0A /* LaunchScreen.storyboard in Resources */ = {isa = PBXBuildFile; fileRef = AFC156562626CC9C00C66B0A /* LaunchScreen.storyboard */; };
		AFC156632626CC9C00C66B0A /* WeatherTests.swift in Sources */ = {isa = PBXBuildFile; fileRef = AFC156622626CC9C00C66B0A /* WeatherTests.swift */; };
		AFC1566E2626CC9C00C66B0A /* WeatherUITests.swift in Sources */ = {isa = PBXBuildFile; fileRef = AFC1566D2626CC9C00C66B0A /* WeatherUITests.swift */; };
/* End PBXBuildFile section */

/* Begin PBXContainerItemProxy section */
		AFC1565F2626CC9C00C66B0A /* PBXContainerItemProxy */ = {
			isa = PBXContainerItemProxy;
			containerPortal = AFC156402626CC9B00C66B0A /* Project object */;
			proxyType = 1;
			remoteGlobalIDString = AFC156472626CC9B00C66B0A;
			remoteInfo = Weather;
		};
		AFC1566A2626CC9C00C66B0A /* PBXContainerItemProxy */ = {
			isa = PBXContainerItemProxy;
			containerPortal = AFC156402626CC9B00C66B0A /* Project object */;
			proxyType = 1;
			remoteGlobalIDString = AFC156472626CC9B00C66B0A;
			remoteInfo = Weather;
		};
/* End PBXContainerItemProxy section */

/* Begin PBXFileReference section */
		AF6880472626D58E0014F9B0 /* RequestManager.swift */ = {isa = PBXFileReference; fileEncoding = 4; lastKnownFileType = sourcecode.swift; path = RequestManager.swift; sourceTree = "<group>"; };
		AF6880482626D58E0014F9B0 /* NetworkManager.swift */ = {isa = PBXFileReference; fileEncoding = 4; lastKnownFileType = sourcecode.swift; path = NetworkManager.swift; sourceTree = "<group>"; };
		AF6880492626D58E0014F9B0 /* URLManager.swift */ = {isa = PBXFileReference; fileEncoding = 4; lastKnownFileType = sourcecode.swift; path = URLManager.swift; sourceTree = "<group>"; };
		AFC156482626CC9B00C66B0A /* Weather.app */ = {isa = PBXFileReference; explicitFileType = wrapper.application; includeInIndex = 0; path = Weather.app; sourceTree = BUILT_PRODUCTS_DIR; };
		AFC1564B2626CC9B00C66B0A /* AppDelegate.swift */ = {isa = PBXFileReference; lastKnownFileType = sourcecode.swift; path = AppDelegate.swift; sourceTree = "<group>"; };
		AFC1564D2626CC9B00C66B0A /* SceneDelegate.swift */ = {isa = PBXFileReference; lastKnownFileType = sourcecode.swift; path = SceneDelegate.swift; sourceTree = "<group>"; };
		AFC1564F2626CC9B00C66B0A /* ViewController.swift */ = {isa = PBXFileReference; lastKnownFileType = sourcecode.swift; path = ViewController.swift; sourceTree = "<group>"; };
		AFC156522626CC9B00C66B0A /* Base */ = {isa = PBXFileReference; lastKnownFileType = file.storyboard; name = Base; path = Base.lproj/Main.storyboard; sourceTree = "<group>"; };
		AFC156542626CC9C00C66B0A /* Assets.xcassets */ = {isa = PBXFileReference; lastKnownFileType = folder.assetcatalog; path = Assets.xcassets; sourceTree = "<group>"; };
		AFC156572626CC9C00C66B0A /* Base */ = {isa = PBXFileReference; lastKnownFileType = file.storyboard; name = Base; path = Base.lproj/LaunchScreen.storyboard; sourceTree = "<group>"; };
		AFC156592626CC9C00C66B0A /* Info.plist */ = {isa = PBXFileReference; lastKnownFileType = text.plist.xml; path = Info.plist; sourceTree = "<group>"; };
		AFC1565E2626CC9C00C66B0A /* WeatherTests.xctest */ = {isa = PBXFileReference; explicitFileType = wrapper.cfbundle; includeInIndex = 0; path = WeatherTests.xctest; sourceTree = BUILT_PRODUCTS_DIR; };
		AFC156622626CC9C00C66B0A /* WeatherTests.swift */ = {isa = PBXFileReference; lastKnownFileType = sourcecode.swift; path = WeatherTests.swift; sourceTree = "<group>"; };
		AFC156642626CC9C00C66B0A /* Info.plist */ = {isa = PBXFileReference; lastKnownFileType = text.plist.xml; path = Info.plist; sourceTree = "<group>"; };
		AFC156692626CC9C00C66B0A /* WeatherUITests.xctest */ = {isa = PBXFileReference; explicitFileType = wrapper.cfbundle; includeInIndex = 0; path = WeatherUITests.xctest; sourceTree = BUILT_PRODUCTS_DIR; };
		AFC1566D2626CC9C00C66B0A /* WeatherUITests.swift */ = {isa = PBXFileReference; lastKnownFileType = sourcecode.swift; path = WeatherUITests.swift; sourceTree = "<group>"; };
		AFC1566F2626CC9C00C66B0A /* Info.plist */ = {isa = PBXFileReference; lastKnownFileType = text.plist.xml; path = Info.plist; sourceTree = "<group>"; };
/* End PBXFileReference section */

/* Begin PBXFrameworksBuildPhase section */
		AFC156452626CC9B00C66B0A /* Frameworks */ = {
			isa = PBXFrameworksBuildPhase;
			buildActionMask = 2147483647;
			files = (
			);
			runOnlyForDeploymentPostprocessing = 0;
		};
		AFC1565B2626CC9C00C66B0A /* Frameworks */ = {
			isa = PBXFrameworksBuildPhase;
			buildActionMask = 2147483647;
			files = (
			);
			runOnlyForDeploymentPostprocessing = 0;
		};
		AFC156662626CC9C00C66B0A /* Frameworks */ = {
			isa = PBXFrameworksBuildPhase;
			buildActionMask = 2147483647;
			files = (
			);
			runOnlyForDeploymentPostprocessing = 0;
		};
/* End PBXFrameworksBuildPhase section */

/* Begin PBXGroup section */
		AF6880462626D58E0014F9B0 /* NetworkLayer */ = {
			isa = PBXGroup;
			children = (
				AF6880472626D58E0014F9B0 /* RequestManager.swift */,
				AF6880482626D58E0014F9B0 /* NetworkManager.swift */,
				AF6880492626D58E0014F9B0 /* URLManager.swift */,
			);
			path = NetworkLayer;
			sourceTree = "<group>";
		};
		AFC1563F2626CC9B00C66B0A = {
			isa = PBXGroup;
			children = (
				AFC1564A2626CC9B00C66B0A /* Weather */,
				AFC156612626CC9C00C66B0A /* WeatherTests */,
				AFC1566C2626CC9C00C66B0A /* WeatherUITests */,
				AFC156492626CC9B00C66B0A /* Products */,
			);
			sourceTree = "<group>";
		};
		AFC156492626CC9B00C66B0A /* Products */ = {
			isa = PBXGroup;
			children = (
				AFC156482626CC9B00C66B0A /* Weather.app */,
				AFC1565E2626CC9C00C66B0A /* WeatherTests.xctest */,
				AFC156692626CC9C00C66B0A /* WeatherUITests.xctest */,
			);
			name = Products;
			sourceTree = "<group>";
		};
		AFC1564A2626CC9B00C66B0A /* Weather */ = {
			isa = PBXGroup;
			children = (
				AF6880462626D58E0014F9B0 /* NetworkLayer */,
				AFC1564B2626CC9B00C66B0A /* AppDelegate.swift */,
				AFC1564D2626CC9B00C66B0A /* SceneDelegate.swift */,
				AFC1564F2626CC9B00C66B0A /* ViewController.swift */,
				AFC156512626CC9B00C66B0A /* Main.storyboard */,
				AFC156542626CC9C00C66B0A /* Assets.xcassets */,
				AFC156562626CC9C00C66B0A /* LaunchScreen.storyboard */,
				AFC156592626CC9C00C66B0A /* Info.plist */,
			);
			path = Weather;
			sourceTree = "<group>";
		};
		AFC156612626CC9C00C66B0A /* WeatherTests */ = {
			isa = PBXGroup;
			children = (
				AFC156622626CC9C00C66B0A /* WeatherTests.swift */,
				AFC156642626CC9C00C66B0A /* Info.plist */,
			);
			path = WeatherTests;
			sourceTree = "<group>";
		};
		AFC1566C2626CC9C00C66B0A /* WeatherUITests */ = {
			isa = PBXGroup;
			children = (
				AFC1566D2626CC9C00C66B0A /* WeatherUITests.swift */,
				AFC1566F2626CC9C00C66B0A /* Info.plist */,
			);
			path = WeatherUITests;
			sourceTree = "<group>";
		};
/* End PBXGroup section */

/* Begin PBXNativeTarget section */
		AFC156472626CC9B00C66B0A /* Weather */ = {
			isa = PBXNativeTarget;
			buildConfigurationList = AFC156722626CC9C00C66B0A /* Build configuration list for PBXNativeTarget "Weather" */;
			buildPhases = (
				AFC156442626CC9B00C66B0A /* Sources */,
				AFC156452626CC9B00C66B0A /* Frameworks */,
				AFC156462626CC9B00C66B0A /* Resources */,
			);
			buildRules = (
			);
			dependencies = (
			);
			name = Weather;
			productName = Weather;
			productReference = AFC156482626CC9B00C66B0A /* Weather.app */;
			productType = "com.apple.product-type.application";
		};
		AFC1565D2626CC9C00C66B0A /* WeatherTests */ = {
			isa = PBXNativeTarget;
			buildConfigurationList = AFC156752626CC9C00C66B0A /* Build configuration list for PBXNativeTarget "WeatherTests" */;
			buildPhases = (
				AFC1565A2626CC9C00C66B0A /* Sources */,
				AFC1565B2626CC9C00C66B0A /* Frameworks */,
				AFC1565C2626CC9C00C66B0A /* Resources */,
			);
			buildRules = (
			);
			dependencies = (
				AFC156602626CC9C00C66B0A /* PBXTargetDependency */,
			);
			name = WeatherTests;
			productName = WeatherTests;
			productReference = AFC1565E2626CC9C00C66B0A /* WeatherTests.xctest */;
			productType = "com.apple.product-type.bundle.unit-test";
		};
		AFC156682626CC9C00C66B0A /* WeatherUITests */ = {
			isa = PBXNativeTarget;
			buildConfigurationList = AFC156782626CC9C00C66B0A /* Build configuration list for PBXNativeTarget "WeatherUITests" */;
			buildPhases = (
				AFC156652626CC9C00C66B0A /* Sources */,
				AFC156662626CC9C00C66B0A /* Frameworks */,
				AFC156672626CC9C00C66B0A /* Resources */,
			);
			buildRules = (
			);
			dependencies = (
				AFC1566B2626CC9C00C66B0A /* PBXTargetDependency */,
			);
			name = WeatherUITests;
			productName = WeatherUITests;
			productReference = AFC156692626CC9C00C66B0A /* WeatherUITests.xctest */;
			productType = "com.apple.product-type.bundle.ui-testing";
		};
/* End PBXNativeTarget section */

/* Begin PBXProject section */
		AFC156402626CC9B00C66B0A /* Project object */ = {
			isa = PBXProject;
			attributes = {
				LastSwiftUpdateCheck = 1200;
				LastUpgradeCheck = 1200;
				TargetAttributes = {
					AFC156472626CC9B00C66B0A = {
						CreatedOnToolsVersion = 12.0;
					};
					AFC1565D2626CC9C00C66B0A = {
						CreatedOnToolsVersion = 12.0;
						TestTargetID = AFC156472626CC9B00C66B0A;
					};
					AFC156682626CC9C00C66B0A = {
						CreatedOnToolsVersion = 12.0;
						TestTargetID = AFC156472626CC9B00C66B0A;
					};
				};
			};
			buildConfigurationList = AFC156432626CC9B00C66B0A /* Build configuration list for PBXProject "Weather" */;
			compatibilityVersion = "Xcode 9.3";
			developmentRegion = en;
			hasScannedForEncodings = 0;
			knownRegions = (
				en,
				Base,
			);
			mainGroup = AFC1563F2626CC9B00C66B0A;
			productRefGroup = AFC156492626CC9B00C66B0A /* Products */;
			projectDirPath = "";
			projectRoot = "";
			targets = (
				AFC156472626CC9B00C66B0A /* Weather */,
				AFC1565D2626CC9C00C66B0A /* WeatherTests */,
				AFC156682626CC9C00C66B0A /* WeatherUITests */,
			);
		};
/* End PBXProject section */

/* Begin PBXResourcesBuildPhase section */
		AFC156462626CC9B00C66B0A /* Resources */ = {
			isa = PBXResourcesBuildPhase;
			buildActionMask = 2147483647;
			files = (
				AFC156582626CC9C00C66B0A /* LaunchScreen.storyboard in Resources */,
				AFC156552626CC9C00C66B0A /* Assets.xcassets in Resources */,
				AFC156532626CC9B00C66B0A /* Main.storyboard in Resources */,
			);
			runOnlyForDeploymentPostprocessing = 0;
		};
		AFC1565C2626CC9C00C66B0A /* Resources */ = {
			isa = PBXResourcesBuildPhase;
			buildActionMask = 2147483647;
			files = (
			);
			runOnlyForDeploymentPostprocessing = 0;
		};
		AFC156672626CC9C00C66B0A /* Resources */ = {
			isa = PBXResourcesBuildPhase;
			buildActionMask = 2147483647;
			files = (
			);
			runOnlyForDeploymentPostprocessing = 0;
		};
/* End PBXResourcesBuildPhase section */

/* Begin PBXSourcesBuildPhase section */
		AFC156442626CC9B00C66B0A /* Sources */ = {
			isa = PBXSourcesBuildPhase;
			buildActionMask = 2147483647;
			files = (
				AFC156502626CC9B00C66B0A /* ViewController.swift in Sources */,
				AFC1564C2626CC9B00C66B0A /* AppDelegate.swift in Sources */,
				AF68804B2626D58E0014F9B0 /* NetworkManager.swift in Sources */,
				AFC1564E2626CC9B00C66B0A /* SceneDelegate.swift in Sources */,
				AF68804A2626D58E0014F9B0 /* RequestManager.swift in Sources */,
				AF68804C2626D58E0014F9B0 /* URLManager.swift in Sources */,
			);
			runOnlyForDeploymentPostprocessing = 0;
		};
		AFC1565A2626CC9C00C66B0A /* Sources */ = {
			isa = PBXSourcesBuildPhase;
			buildActionMask = 2147483647;
			files = (
				AFC156632626CC9C00C66B0A /* WeatherTests.swift in Sources */,
			);
			runOnlyForDeploymentPostprocessing = 0;
		};
		AFC156652626CC9C00C66B0A /* Sources */ = {
			isa = PBXSourcesBuildPhase;
			buildActionMask = 2147483647;
			files = (
				AFC1566E2626CC9C00C66B0A /* WeatherUITests.swift in Sources */,
			);
			runOnlyForDeploymentPostprocessing = 0;
		};
/* End PBXSourcesBuildPhase section */

/* Begin PBXTargetDependency section */
		AFC156602626CC9C00C66B0A /* PBXTargetDependency */ = {
			isa = PBXTargetDependency;
			target = AFC156472626CC9B00C66B0A /* Weather */;
			targetProxy = AFC1565F2626CC9C00C66B0A /* PBXContainerItemProxy */;
		};
		AFC1566B2626CC9C00C66B0A /* PBXTargetDependency */ = {
			isa = PBXTargetDependency;
			target = AFC156472626CC9B00C66B0A /* Weather */;
			targetProxy = AFC1566A2626CC9C00C66B0A /* PBXContainerItemProxy */;
		};
/* End PBXTargetDependency section */

/* Begin PBXVariantGroup section */
		AFC156512626CC9B00C66B0A /* Main.storyboard */ = {
			isa = PBXVariantGroup;
			children = (
				AFC156522626CC9B00C66B0A /* Base */,
			);
			name = Main.storyboard;
			sourceTree = "<group>";
		};
		AFC156562626CC9C00C66B0A /* LaunchScreen.storyboard */ = {
			isa = PBXVariantGroup;
			children = (
				AFC156572626CC9C00C66B0A /* Base */,
			);
			name = LaunchScreen.storyboard;
			sourceTree = "<group>";
		};
/* End PBXVariantGroup section */

/* Begin XCBuildConfiguration section */
		AFC156702626CC9C00C66B0A /* Debug */ = {
			isa = XCBuildConfiguration;
			buildSettings = {
				ALWAYS_SEARCH_USER_PATHS = NO;
				CLANG_ANALYZER_NONNULL = YES;
				CLANG_ANALYZER_NUMBER_OBJECT_CONVERSION = YES_AGGRESSIVE;
				CLANG_CXX_LANGUAGE_STANDARD = "gnu++14";
				CLANG_CXX_LIBRARY = "libc++";
				CLANG_ENABLE_MODULES = YES;
				CLANG_ENABLE_OBJC_ARC = YES;
				CLANG_ENABLE_OBJC_WEAK = YES;
				CLANG_WARN_BLOCK_CAPTURE_AUTORELEASING = YES;
				CLANG_WARN_BOOL_CONVERSION = YES;
				CLANG_WARN_COMMA = YES;
				CLANG_WARN_CONSTANT_CONVERSION = YES;
				CLANG_WARN_DEPRECATED_OBJC_IMPLEMENTATIONS = YES;
				CLANG_WARN_DIRECT_OBJC_ISA_USAGE = YES_ERROR;
				CLANG_WARN_DOCUMENTATION_COMMENTS = YES;
				CLANG_WARN_EMPTY_BODY = YES;
				CLANG_WARN_ENUM_CONVERSION = YES;
				CLANG_WARN_INFINITE_RECURSION = YES;
				CLANG_WARN_INT_CONVERSION = YES;
				CLANG_WARN_NON_LITERAL_NULL_CONVERSION = YES;
				CLANG_WARN_OBJC_IMPLICIT_RETAIN_SELF = YES;
				CLANG_WARN_OBJC_LITERAL_CONVERSION = YES;
				CLANG_WARN_OBJC_ROOT_CLASS = YES_ERROR;
				CLANG_WARN_QUOTED_INCLUDE_IN_FRAMEWORK_HEADER = YES;
				CLANG_WARN_RANGE_LOOP_ANALYSIS = YES;
				CLANG_WARN_STRICT_PROTOTYPES = YES;
				CLANG_WARN_SUSPICIOUS_MOVE = YES;
				CLANG_WARN_UNGUARDED_AVAILABILITY = YES_AGGRESSIVE;
				CLANG_WARN_UNREACHABLE_CODE = YES;
				CLANG_WARN__DUPLICATE_METHOD_MATCH = YES;
				COPY_PHASE_STRIP = NO;
				DEBUG_INFORMATION_FORMAT = dwarf;
				ENABLE_STRICT_OBJC_MSGSEND = YES;
				ENABLE_TESTABILITY = YES;
				GCC_C_LANGUAGE_STANDARD = gnu11;
				GCC_DYNAMIC_NO_PIC = NO;
				GCC_NO_COMMON_BLOCKS = YES;
				GCC_OPTIMIZATION_LEVEL = 0;
				GCC_PREPROCESSOR_DEFINITIONS = (
					"DEBUG=1",
					"$(inherited)",
				);
				GCC_WARN_64_TO_32_BIT_CONVERSION = YES;
				GCC_WARN_ABOUT_RETURN_TYPE = YES_ERROR;
				GCC_WARN_UNDECLARED_SELECTOR = YES;
				GCC_WARN_UNINITIALIZED_AUTOS = YES_AGGRESSIVE;
				GCC_WARN_UNUSED_FUNCTION = YES;
				GCC_WARN_UNUSED_VARIABLE = YES;
				IPHONEOS_DEPLOYMENT_TARGET = 14.0;
				MTL_ENABLE_DEBUG_INFO = INCLUDE_SOURCE;
				MTL_FAST_MATH = YES;
				ONLY_ACTIVE_ARCH = YES;
				SDKROOT = iphoneos;
				SWIFT_ACTIVE_COMPILATION_CONDITIONS = DEBUG;
				SWIFT_OPTIMIZATION_LEVEL = "-Onone";
			};
			name = Debug;
		};
		AFC156712626CC9C00C66B0A /* Release */ = {
			isa = XCBuildConfiguration;
			buildSettings = {
				ALWAYS_SEARCH_USER_PATHS = NO;
				CLANG_ANALYZER_NONNULL = YES;
				CLANG_ANALYZER_NUMBER_OBJECT_CONVERSION = YES_AGGRESSIVE;
				CLANG_CXX_LANGUAGE_STANDARD = "gnu++14";
				CLANG_CXX_LIBRARY = "libc++";
				CLANG_ENABLE_MODULES = YES;
				CLANG_ENABLE_OBJC_ARC = YES;
				CLANG_ENABLE_OBJC_WEAK = YES;
				CLANG_WARN_BLOCK_CAPTURE_AUTORELEASING = YES;
				CLANG_WARN_BOOL_CONVERSION = YES;
				CLANG_WARN_COMMA = YES;
				CLANG_WARN_CONSTANT_CONVERSION = YES;
				CLANG_WARN_DEPRECATED_OBJC_IMPLEMENTATIONS = YES;
				CLANG_WARN_DIRECT_OBJC_ISA_USAGE = YES_ERROR;
				CLANG_WARN_DOCUMENTATION_COMMENTS = YES;
				CLANG_WARN_EMPTY_BODY = YES;
				CLANG_WARN_ENUM_CONVERSION = YES;
				CLANG_WARN_INFINITE_RECURSION = YES;
				CLANG_WARN_INT_CONVERSION = YES;
				CLANG_WARN_NON_LITERAL_NULL_CONVERSION = YES;
				CLANG_WARN_OBJC_IMPLICIT_RETAIN_SELF = YES;
				CLANG_WARN_OBJC_LITERAL_CONVERSION = YES;
				CLANG_WARN_OBJC_ROOT_CLASS = YES_ERROR;
				CLANG_WARN_QUOTED_INCLUDE_IN_FRAMEWORK_HEADER = YES;
				CLANG_WARN_RANGE_LOOP_ANALYSIS = YES;
				CLANG_WARN_STRICT_PROTOTYPES = YES;
				CLANG_WARN_SUSPICIOUS_MOVE = YES;
				CLANG_WARN_UNGUARDED_AVAILABILITY = YES_AGGRESSIVE;
				CLANG_WARN_UNREACHABLE_CODE = YES;
				CLANG_WARN__DUPLICATE_METHOD_MATCH = YES;
				COPY_PHASE_STRIP = NO;
				DEBUG_INFORMATION_FORMAT = "dwarf-with-dsym";
				ENABLE_NS_ASSERTIONS = NO;
				ENABLE_STRICT_OBJC_MSGSEND = YES;
				GCC_C_LANGUAGE_STANDARD = gnu11;
				GCC_NO_COMMON_BLOCKS = YES;
				GCC_WARN_64_TO_32_BIT_CONVERSION = YES;
				GCC_WARN_ABOUT_RETURN_TYPE = YES_ERROR;
				GCC_WARN_UNDECLARED_SELECTOR = YES;
				GCC_WARN_UNINITIALIZED_AUTOS = YES_AGGRESSIVE;
				GCC_WARN_UNUSED_FUNCTION = YES;
				GCC_WARN_UNUSED_VARIABLE = YES;
				IPHONEOS_DEPLOYMENT_TARGET = 14.0;
				MTL_ENABLE_DEBUG_INFO = NO;
				MTL_FAST_MATH = YES;
				SDKROOT = iphoneos;
				SWIFT_COMPILATION_MODE = wholemodule;
				SWIFT_OPTIMIZATION_LEVEL = "-O";
				VALIDATE_PRODUCT = YES;
			};
			name = Release;
		};
		AFC156732626CC9C00C66B0A /* Debug */ = {
			isa = XCBuildConfiguration;
			buildSettings = {
				ASSETCATALOG_COMPILER_APPICON_NAME = AppIcon;
				ASSETCATALOG_COMPILER_GLOBAL_ACCENT_COLOR_NAME = AccentColor;
				CODE_SIGN_STYLE = Automatic;
				INFOPLIST_FILE = Weather/Info.plist;
				LD_RUNPATH_SEARCH_PATHS = (
					"$(inherited)",
					"@executable_path/Frameworks",
				);
				PRODUCT_BUNDLE_IDENTIFIER = com.kiddo.Weather;
				PRODUCT_NAME = "$(TARGET_NAME)";
				SWIFT_VERSION = 5.0;
				TARGETED_DEVICE_FAMILY = "1,2";
			};
			name = Debug;
		};
		AFC156742626CC9C00C66B0A /* Release */ = {
			isa = XCBuildConfiguration;
			buildSettings = {
				ASSETCATALOG_COMPILER_APPICON_NAME = AppIcon;
				ASSETCATALOG_COMPILER_GLOBAL_ACCENT_COLOR_NAME = AccentColor;
				CODE_SIGN_STYLE = Automatic;
				INFOPLIST_FILE = Weather/Info.plist;
				LD_RUNPATH_SEARCH_PATHS = (
					"$(inherited)",
					"@executable_path/Frameworks",
				);
				PRODUCT_BUNDLE_IDENTIFIER = com.kiddo.Weather;
				PRODUCT_NAME = "$(TARGET_NAME)";
				SWIFT_VERSION = 5.0;
				TARGETED_DEVICE_FAMILY = "1,2";
			};
			name = Release;
		};
		AFC156762626CC9C00C66B0A /* Debug */ = {
			isa = XCBuildConfiguration;
			buildSettings = {
				ALWAYS_EMBED_SWIFT_STANDARD_LIBRARIES = YES;
				BUNDLE_LOADER = "$(TEST_HOST)";
				CODE_SIGN_STYLE = Automatic;
				INFOPLIST_FILE = WeatherTests/Info.plist;
				IPHONEOS_DEPLOYMENT_TARGET = 14.0;
				LD_RUNPATH_SEARCH_PATHS = (
					"$(inherited)",
					"@executable_path/Frameworks",
					"@loader_path/Frameworks",
				);
				PRODUCT_BUNDLE_IDENTIFIER = com.kiddo.WeatherTests;
				PRODUCT_NAME = "$(TARGET_NAME)";
				SWIFT_VERSION = 5.0;
				TARGETED_DEVICE_FAMILY = "1,2";
				TEST_HOST = "$(BUILT_PRODUCTS_DIR)/Weather.app/Weather";
			};
			name = Debug;
		};
		AFC156772626CC9C00C66B0A /* Release */ = {
			isa = XCBuildConfiguration;
			buildSettings = {
				ALWAYS_EMBED_SWIFT_STANDARD_LIBRARIES = YES;
				BUNDLE_LOADER = "$(TEST_HOST)";
				CODE_SIGN_STYLE = Automatic;
				INFOPLIST_FILE = WeatherTests/Info.plist;
				IPHONEOS_DEPLOYMENT_TARGET = 14.0;
				LD_RUNPATH_SEARCH_PATHS = (
					"$(inherited)",
					"@executable_path/Frameworks",
					"@loader_path/Frameworks",
				);
				PRODUCT_BUNDLE_IDENTIFIER = com.kiddo.WeatherTests;
				PRODUCT_NAME = "$(TARGET_NAME)";
				SWIFT_VERSION = 5.0;
				TARGETED_DEVICE_FAMILY = "1,2";
				TEST_HOST = "$(BUILT_PRODUCTS_DIR)/Weather.app/Weather";
			};
			name = Release;
		};
		AFC156792626CC9C00C66B0A /* Debug */ = {
			isa = XCBuildConfiguration;
			buildSettings = {
				ALWAYS_EMBED_SWIFT_STANDARD_LIBRARIES = YES;
				CODE_SIGN_STYLE = Automatic;
				INFOPLIST_FILE = WeatherUITests/Info.plist;
				LD_RUNPATH_SEARCH_PATHS = (
					"$(inherited)",
					"@executable_path/Frameworks",
					"@loader_path/Frameworks",
				);
				PRODUCT_BUNDLE_IDENTIFIER = com.kiddo.WeatherUITests;
				PRODUCT_NAME = "$(TARGET_NAME)";
				SWIFT_VERSION = 5.0;
				TARGETED_DEVICE_FAMILY = "1,2";
				TEST_TARGET_NAME = Weather;
			};
			name = Debug;
		};
		AFC1567A2626CC9C00C66B0A /* Release */ = {
			isa = XCBuildConfiguration;
			buildSettings = {
				ALWAYS_EMBED_SWIFT_STANDARD_LIBRARIES = YES;
				CODE_SIGN_STYLE = Automatic;
				INFOPLIST_FILE = WeatherUITests/Info.plist;
				LD_RUNPATH_SEARCH_PATHS = (
					"$(inherited)",
					"@executable_path/Frameworks",
					"@loader_path/Frameworks",
				);
				PRODUCT_BUNDLE_IDENTIFIER = com.kiddo.WeatherUITests;
				PRODUCT_NAME = "$(TARGET_NAME)";
				SWIFT_VERSION = 5.0;
				TARGETED_DEVICE_FAMILY = "1,2";
				TEST_TARGET_NAME = Weather;
			};
			name = Release;
		};
/* End XCBuildConfiguration section */

/* Begin XCConfigurationList section */
		AFC156432626CC9B00C66B0A /* Build configuration list for PBXProject "Weather" */ = {
			isa = XCConfigurationList;
			buildConfigurations = (
				AFC156702626CC9C00C66B0A /* Debug */,
				AFC156712626CC9C00C66B0A /* Release */,
			);
			defaultConfigurationIsVisible = 0;
			defaultConfigurationName = Release;
		};
		AFC156722626CC9C00C66B0A /* Build configuration list for PBXNativeTarget "Weather" */ = {
			isa = XCConfigurationList;
			buildConfigurations = (
				AFC156732626CC9C00C66B0A /* Debug */,
				AFC156742626CC9C00C66B0A /* Release */,
			);
			defaultConfigurationIsVisible = 0;
			defaultConfigurationName = Release;
		};
		AFC156752626CC9C00C66B0A /* Build configuration list for PBXNativeTarget "WeatherTests" */ = {
			isa = XCConfigurationList;
			buildConfigurations = (
				AFC156762626CC9C00C66B0A /* Debug */,
				AFC156772626CC9C00C66B0A /* Release */,
			);
			defaultConfigurationIsVisible = 0;
			defaultConfigurationName = Release;
		};
		AFC156782626CC9C00C66B0A /* Build configuration list for PBXNativeTarget "WeatherUITests" */ = {
			isa = XCConfigurationList;
			buildConfigurations = (
				AFC156792626CC9C00C66B0A /* Debug */,
				AFC1567A2626CC9C00C66B0A /* Release */,
			);
			defaultConfigurationIsVisible = 0;
			defaultConfigurationName = Release;
		};
/* End XCConfigurationList section */
	};
	rootObject = AFC156402626CC9B00C66B0A /* Project object */;
}
